// !$*UTF8*$!
{
	archiveVersion = 1;
	classes = {
	};
	objectVersion = 46;
	objects = {

/* Begin PBXBuildFile section */
		5CDA96D21F03F0910039A47D /* AppDelegate.swift in Sources */ = {isa = PBXBuildFile; fileRef = 5CDA96D11F03F0910039A47D /* AppDelegate.swift */; };
		5CDA96D41F03F0910039A47D /* ViewController.swift in Sources */ = {isa = PBXBuildFile; fileRef = 5CDA96D31F03F0910039A47D /* ViewController.swift */; };
		5CDA96D71F03F0910039A47D /* Main.storyboard in Resources */ = {isa = PBXBuildFile; fileRef = 5CDA96D51F03F0910039A47D /* Main.storyboard */; };
		5CDA96D91F03F0910039A47D /* Assets.xcassets in Resources */ = {isa = PBXBuildFile; fileRef = 5CDA96D81F03F0910039A47D /* Assets.xcassets */; };
		5CDA96DC1F03F0910039A47D /* LaunchScreen.storyboard in Resources */ = {isa = PBXBuildFile; fileRef = 5CDA96DA1F03F0910039A47D /* LaunchScreen.storyboard */; };
		5CDA96E71F03F0920039A47D /* P_A_LTests.swift in Sources */ = {isa = PBXBuildFile; fileRef = 5CDA96E61F03F0920039A47D /* P_A_LTests.swift */; };
		5CDA96F21F03F0920039A47D /* P_A_LUITests.swift in Sources */ = {isa = PBXBuildFile; fileRef = 5CDA96F11F03F0920039A47D /* P_A_LUITests.swift */; };
/* End PBXBuildFile section */

/* Begin PBXContainerItemProxy section */
		5CDA96E31F03F0920039A47D /* PBXContainerItemProxy */ = {
			isa = PBXContainerItemProxy;
			containerPortal = 5CDA96C61F03F0910039A47D /* Project object */;
			proxyType = 1;
			remoteGlobalIDString = 5CDA96CD1F03F0910039A47D;
			remoteInfo = P.A.L;
		};
		5CDA96EE1F03F0920039A47D /* PBXContainerItemProxy */ = {
			isa = PBXContainerItemProxy;
			containerPortal = 5CDA96C61F03F0910039A47D /* Project object */;
			proxyType = 1;
			remoteGlobalIDString = 5CDA96CD1F03F0910039A47D;
			remoteInfo = P.A.L;
		};
/* End PBXContainerItemProxy section */

/* Begin PBXFileReference section */
		5CDA96CE1F03F0910039A47D /* P.A.L.app */ = {isa = PBXFileReference; explicitFileType = wrapper.application; includeInIndex = 0; path = P.A.L.app; sourceTree = BUILT_PRODUCTS_DIR; };
		5CDA96D11F03F0910039A47D /* AppDelegate.swift */ = {isa = PBXFileReference; lastKnownFileType = sourcecode.swift; path = AppDelegate.swift; sourceTree = "<group>"; };
		5CDA96D31F03F0910039A47D /* ViewController.swift */ = {isa = PBXFileReference; lastKnownFileType = sourcecode.swift; path = ViewController.swift; sourceTree = "<group>"; };
		5CDA96D61F03F0910039A47D /* Base */ = {isa = PBXFileReference; lastKnownFileType = file.storyboard; name = Base; path = Base.lproj/Main.storyboard; sourceTree = "<group>"; };
		5CDA96D81F03F0910039A47D /* Assets.xcassets */ = {isa = PBXFileReference; lastKnownFileType = folder.assetcatalog; path = Assets.xcassets; sourceTree = "<group>"; };
		5CDA96DB1F03F0910039A47D /* Base */ = {isa = PBXFileReference; lastKnownFileType = file.storyboard; name = Base; path = Base.lproj/LaunchScreen.storyboard; sourceTree = "<group>"; };
		5CDA96DD1F03F0910039A47D /* Info.plist */ = {isa = PBXFileReference; lastKnownFileType = text.plist.xml; path = Info.plist; sourceTree = "<group>"; };
		5CDA96E21F03F0920039A47D /* P.A.LTests.xctest */ = {isa = PBXFileReference; explicitFileType = wrapper.cfbundle; includeInIndex = 0; path = P.A.LTests.xctest; sourceTree = BUILT_PRODUCTS_DIR; };
		5CDA96E61F03F0920039A47D /* P_A_LTests.swift */ = {isa = PBXFileReference; lastKnownFileType = sourcecode.swift; path = P_A_LTests.swift; sourceTree = "<group>"; };
		5CDA96E81F03F0920039A47D /* Info.plist */ = {isa = PBXFileReference; lastKnownFileType = text.plist.xml; path = Info.plist; sourceTree = "<group>"; };
		5CDA96ED1F03F0920039A47D /* P.A.LUITests.xctest */ = {isa = PBXFileReference; explicitFileType = wrapper.cfbundle; includeInIndex = 0; path = P.A.LUITests.xctest; sourceTree = BUILT_PRODUCTS_DIR; };
		5CDA96F11F03F0920039A47D /* P_A_LUITests.swift */ = {isa = PBXFileReference; lastKnownFileType = sourcecode.swift; path = P_A_LUITests.swift; sourceTree = "<group>"; };
		5CDA96F31F03F0920039A47D /* Info.plist */ = {isa = PBXFileReference; lastKnownFileType = text.plist.xml; path = Info.plist; sourceTree = "<group>"; };
/* End PBXFileReference section */

/* Begin PBXFrameworksBuildPhase section */
		5CDA96CB1F03F0910039A47D /* Frameworks */ = {
			isa = PBXFrameworksBuildPhase;
			buildActionMask = 2147483647;
			files = (
			);
			runOnlyForDeploymentPostprocessing = 0;
		};
		5CDA96DF1F03F0920039A47D /* Frameworks */ = {
			isa = PBXFrameworksBuildPhase;
			buildActionMask = 2147483647;
			files = (
			);
			runOnlyForDeploymentPostprocessing = 0;
		};
		5CDA96EA1F03F0920039A47D /* Frameworks */ = {
			isa = PBXFrameworksBuildPhase;
			buildActionMask = 2147483647;
			files = (
			);
			runOnlyForDeploymentPostprocessing = 0;
		};
/* End PBXFrameworksBuildPhase section */

/* Begin PBXGroup section */
		5CDA96C51F03F0910039A47D = {
			isa = PBXGroup;
			children = (
				5CDA96D01F03F0910039A47D /* P.A.L */,
				5CDA96E51F03F0920039A47D /* P.A.LTests */,
				5CDA96F01F03F0920039A47D /* P.A.LUITests */,
				5CDA96CF1F03F0910039A47D /* Products */,
			);
			sourceTree = "<group>";
		};
		5CDA96CF1F03F0910039A47D /* Products */ = {
			isa = PBXGroup;
			children = (
				5CDA96CE1F03F0910039A47D /* P.A.L.app */,
				5CDA96E21F03F0920039A47D /* P.A.LTests.xctest */,
				5CDA96ED1F03F0920039A47D /* P.A.LUITests.xctest */,
			);
			name = Products;
			sourceTree = "<group>";
		};
		5CDA96D01F03F0910039A47D /* P.A.L */ = {
			isa = PBXGroup;
			children = (
				5CDA96D11F03F0910039A47D /* AppDelegate.swift */,
				5CDA96D31F03F0910039A47D /* ViewController.swift */,
				5CDA96D51F03F0910039A47D /* Main.storyboard */,
				5CDA96D81F03F0910039A47D /* Assets.xcassets */,
				5CDA96DA1F03F0910039A47D /* LaunchScreen.storyboard */,
				5CDA96DD1F03F0910039A47D /* Info.plist */,
			);
			path = P.A.L;
			sourceTree = "<group>";
		};
		5CDA96E51F03F0920039A47D /* P.A.LTests */ = {
			isa = PBXGroup;
			children = (
				5CDA96E61F03F0920039A47D /* P_A_LTests.swift */,
				5CDA96E81F03F0920039A47D /* Info.plist */,
			);
			path = P.A.LTests;
			sourceTree = "<group>";
		};
		5CDA96F01F03F0920039A47D /* P.A.LUITests */ = {
			isa = PBXGroup;
			children = (
				5CDA96F11F03F0920039A47D /* P_A_LUITests.swift */,
				5CDA96F31F03F0920039A47D /* Info.plist */,
			);
			path = P.A.LUITests;
			sourceTree = "<group>";
		};
/* End PBXGroup section */

/* Begin PBXNativeTarget section */
		5CDA96CD1F03F0910039A47D /* P.A.L */ = {
			isa = PBXNativeTarget;
			buildConfigurationList = 5CDA96F61F03F0920039A47D /* Build configuration list for PBXNativeTarget "P.A.L" */;
			buildPhases = (
				5CDA96CA1F03F0910039A47D /* Sources */,
				5CDA96CB1F03F0910039A47D /* Frameworks */,
				5CDA96CC1F03F0910039A47D /* Resources */,
			);
			buildRules = (
			);
			dependencies = (
			);
			name = P.A.L;
			productName = P.A.L;
			productReference = 5CDA96CE1F03F0910039A47D /* P.A.L.app */;
			productType = "com.apple.product-type.application";
		};
		5CDA96E11F03F0920039A47D /* P.A.LTests */ = {
			isa = PBXNativeTarget;
			buildConfigurationList = 5CDA96F91F03F0920039A47D /* Build configuration list for PBXNativeTarget "P.A.LTests" */;
			buildPhases = (
				5CDA96DE1F03F0920039A47D /* Sources */,
				5CDA96DF1F03F0920039A47D /* Frameworks */,
				5CDA96E01F03F0920039A47D /* Resources */,
			);
			buildRules = (
			);
			dependencies = (
				5CDA96E41F03F0920039A47D /* PBXTargetDependency */,
			);
			name = P.A.LTests;
			productName = P.A.LTests;
			productReference = 5CDA96E21F03F0920039A47D /* P.A.LTests.xctest */;
			productType = "com.apple.product-type.bundle.unit-test";
		};
		5CDA96EC1F03F0920039A47D /* P.A.LUITests */ = {
			isa = PBXNativeTarget;
			buildConfigurationList = 5CDA96FC1F03F0920039A47D /* Build configuration list for PBXNativeTarget "P.A.LUITests" */;
			buildPhases = (
				5CDA96E91F03F0920039A47D /* Sources */,
				5CDA96EA1F03F0920039A47D /* Frameworks */,
				5CDA96EB1F03F0920039A47D /* Resources */,
			);
			buildRules = (
			);
			dependencies = (
				5CDA96EF1F03F0920039A47D /* PBXTargetDependency */,
			);
			name = P.A.LUITests;
			productName = P.A.LUITests;
			productReference = 5CDA96ED1F03F0920039A47D /* P.A.LUITests.xctest */;
			productType = "com.apple.product-type.bundle.ui-testing";
		};
/* End PBXNativeTarget section */

/* Begin PBXProject section */
		5CDA96C61F03F0910039A47D /* Project object */ = {
			isa = PBXProject;
			attributes = {
				LastSwiftUpdateCheck = 0830;
				LastUpgradeCheck = 0830;
				ORGANIZATIONNAME = "Parshotan Seenanan";
				TargetAttributes = {
					5CDA96CD1F03F0910039A47D = {
						CreatedOnToolsVersion = 8.3.3;
						ProvisioningStyle = Automatic;
					};
					5CDA96E11F03F0920039A47D = {
						CreatedOnToolsVersion = 8.3.3;
						ProvisioningStyle = Automatic;
						TestTargetID = 5CDA96CD1F03F0910039A47D;
					};
					5CDA96EC1F03F0920039A47D = {
						CreatedOnToolsVersion = 8.3.3;
						ProvisioningStyle = Automatic;
						TestTargetID = 5CDA96CD1F03F0910039A47D;
					};
				};
			};
			buildConfigurationList = 5CDA96C91F03F0910039A47D /* Build configuration list for PBXProject "P.A.L" */;
			compatibilityVersion = "Xcode 3.2";
			developmentRegion = English;
			hasScannedForEncodings = 0;
			knownRegions = (
				en,
				Base,
			);
			mainGroup = 5CDA96C51F03F0910039A47D;
			productRefGroup = 5CDA96CF1F03F0910039A47D /* Products */;
			projectDirPath = "";
			projectRoot = "";
			targets = (
				5CDA96CD1F03F0910039A47D /* P.A.L */,
				5CDA96E11F03F0920039A47D /* P.A.LTests */,
				5CDA96EC1F03F0920039A47D /* P.A.LUITests */,
			);
		};
/* End PBXProject section */

/* Begin PBXResourcesBuildPhase section */
		5CDA96CC1F03F0910039A47D /* Resources */ = {
			isa = PBXResourcesBuildPhase;
			buildActionMask = 2147483647;
			files = (
				5CDA96DC1F03F0910039A47D /* LaunchScreen.storyboard in Resources */,
				5CDA96D91F03F0910039A47D /* Assets.xcassets in Resources */,
				5CDA96D71F03F0910039A47D /* Main.storyboard in Resources */,
			);
			runOnlyForDeploymentPostprocessing = 0;
		};
		5CDA96E01F03F0920039A47D /* Resources */ = {
			isa = PBXResourcesBuildPhase;
			buildActionMask = 2147483647;
			files = (
			);
			runOnlyForDeploymentPostprocessing = 0;
		};
		5CDA96EB1F03F0920039A47D /* Resources */ = {
			isa = PBXResourcesBuildPhase;
			buildActionMask = 2147483647;
			files = (
			);
			runOnlyForDeploymentPostprocessing = 0;
		};
/* End PBXResourcesBuildPhase section */

/* Begin PBXSourcesBuildPhase section */
		5CDA96CA1F03F0910039A47D /* Sources */ = {
			isa = PBXSourcesBuildPhase;
			buildActionMask = 2147483647;
			files = (
				5CDA96D41F03F0910039A47D /* ViewController.swift in Sources */,
				5CDA96D21F03F0910039A47D /* AppDelegate.swift in Sources */,
			);
			runOnlyForDeploymentPostprocessing = 0;
		};
		5CDA96DE1F03F0920039A47D /* Sources */ = {
			isa = PBXSourcesBuildPhase;
			buildActionMask = 2147483647;
			files = (
				5CDA96E71F03F0920039A47D /* P_A_LTests.swift in Sources */,
			);
			runOnlyForDeploymentPostprocessing = 0;
		};
		5CDA96E91F03F0920039A47D /* Sources */ = {
			isa = PBXSourcesBuildPhase;
			buildActionMask = 2147483647;
			files = (
				5CDA96F21F03F0920039A47D /* P_A_LUITests.swift in Sources */,
			);
			runOnlyForDeploymentPostprocessing = 0;
		};
/* End PBXSourcesBuildPhase section */

/* Begin PBXTargetDependency section */
		5CDA96E41F03F0920039A47D /* PBXTargetDependency */ = {
			isa = PBXTargetDependency;
			target = 5CDA96CD1F03F0910039A47D /* P.A.L */;
			targetProxy = 5CDA96E31F03F0920039A47D /* PBXContainerItemProxy */;
		};
		5CDA96EF1F03F0920039A47D /* PBXTargetDependency */ = {
			isa = PBXTargetDependency;
			target = 5CDA96CD1F03F0910039A47D /* P.A.L */;
			targetProxy = 5CDA96EE1F03F0920039A47D /* PBXContainerItemProxy */;
		};
/* End PBXTargetDependency section */

/* Begin PBXVariantGroup section */
		5CDA96D51F03F0910039A47D /* Main.storyboard */ = {
			isa = PBXVariantGroup;
			children = (
				5CDA96D61F03F0910039A47D /* Base */,
			);
			name = Main.storyboard;
			sourceTree = "<group>";
		};
		5CDA96DA1F03F0910039A47D /* LaunchScreen.storyboard */ = {
			isa = PBXVariantGroup;
			children = (
				5CDA96DB1F03F0910039A47D /* Base */,
			);
			name = LaunchScreen.storyboard;
			sourceTree = "<group>";
		};
/* End PBXVariantGroup section */

/* Begin XCBuildConfiguration section */
		5CDA96F41F03F0920039A47D /* Debug */ = {
			isa = XCBuildConfiguration;
			buildSettings = {
				ALWAYS_SEARCH_USER_PATHS = NO;
				CLANG_ANALYZER_NONNULL = YES;
				CLANG_ANALYZER_NUMBER_OBJECT_CONVERSION = YES_AGGRESSIVE;
				CLANG_CXX_LANGUAGE_STANDARD = "gnu++0x";
				CLANG_CXX_LIBRARY = "libc++";
				CLANG_ENABLE_MODULES = YES;
				CLANG_ENABLE_OBJC_ARC = YES;
				CLANG_WARN_BOOL_CONVERSION = YES;
				CLANG_WARN_CONSTANT_CONVERSION = YES;
				CLANG_WARN_DIRECT_OBJC_ISA_USAGE = YES_ERROR;
				CLANG_WARN_DOCUMENTATION_COMMENTS = YES;
				CLANG_WARN_EMPTY_BODY = YES;
				CLANG_WARN_ENUM_CONVERSION = YES;
				CLANG_WARN_INFINITE_RECURSION = YES;
				CLANG_WARN_INT_CONVERSION = YES;
				CLANG_WARN_OBJC_ROOT_CLASS = YES_ERROR;
				CLANG_WARN_SUSPICIOUS_MOVE = YES;
				CLANG_WARN_UNREACHABLE_CODE = YES;
				CLANG_WARN__DUPLICATE_METHOD_MATCH = YES;
				"CODE_SIGN_IDENTITY[sdk=iphoneos*]" = "iPhone Developer";
				COPY_PHASE_STRIP = NO;
				DEBUG_INFORMATION_FORMAT = dwarf;
				ENABLE_STRICT_OBJC_MSGSEND = YES;
				ENABLE_TESTABILITY = YES;
				GCC_C_LANGUAGE_STANDARD = gnu99;
				GCC_DYNAMIC_NO_PIC = NO;
				GCC_NO_COMMON_BLOCKS = YES;
				GCC_OPTIMIZATION_LEVEL = 0;
				GCC_PREPROCESSOR_DEFINITIONS = (
					"DEBUG=1",
					"$(inherited)",
				);
				GCC_WARN_64_TO_32_BIT_CONVERSION = YES;
				GCC_WARN_ABOUT_RETURN_TYPE = YES_ERROR;
				GCC_WARN_UNDECLARED_SELECTOR = YES;
				GCC_WARN_UNINITIALIZED_AUTOS = YES_AGGRESSIVE;
				GCC_WARN_UNUSED_FUNCTION = YES;
				GCC_WARN_UNUSED_VARIABLE = YES;
				IPHONEOS_DEPLOYMENT_TARGET = 10.3;
				MTL_ENABLE_DEBUG_INFO = YES;
				ONLY_ACTIVE_ARCH = YES;
				SDKROOT = iphoneos;
				SWIFT_ACTIVE_COMPILATION_CONDITIONS = DEBUG;
				SWIFT_OPTIMIZATION_LEVEL = "-Onone";
				TARGETED_DEVICE_FAMILY = "1,2";
			};
			name = Debug;
		};
		5CDA96F51F03F0920039A47D /* Release */ = {
			isa = XCBuildConfiguration;
			buildSettings = {
				ALWAYS_SEARCH_USER_PATHS = NO;
				CLANG_ANALYZER_NONNULL = YES;
				CLANG_ANALYZER_NUMBER_OBJECT_CONVERSION = YES_AGGRESSIVE;
				CLANG_CXX_LANGUAGE_STANDARD = "gnu++0x";
				CLANG_CXX_LIBRARY = "libc++";
				CLANG_ENABLE_MODULES = YES;
				CLANG_ENABLE_OBJC_ARC = YES;
				CLANG_WARN_BOOL_CONVERSION = YES;
				CLANG_WARN_CONSTANT_CONVERSION = YES;
				CLANG_WARN_DIRECT_OBJC_ISA_USAGE = YES_ERROR;
				CLANG_WARN_DOCUMENTATION_COMMENTS = YES;
				CLANG_WARN_EMPTY_BODY = YES;
				CLANG_WARN_ENUM_CONVERSION = YES;
				CLANG_WARN_INFINITE_RECURSION = YES;
				CLANG_WARN_INT_CONVERSION = YES;
				CLANG_WARN_OBJC_ROOT_CLASS = YES_ERROR;
				CLANG_WARN_SUSPICIOUS_MOVE = YES;
				CLANG_WARN_UNREACHABLE_CODE = YES;
				CLANG_WARN__DUPLICATE_METHOD_MATCH = YES;
				"CODE_SIGN_IDENTITY[sdk=iphoneos*]" = "iPhone Developer";
				COPY_PHASE_STRIP = NO;
				DEBUG_INFORMATION_FORMAT = "dwarf-with-dsym";
				ENABLE_NS_ASSERTIONS = NO;
				ENABLE_STRICT_OBJC_MSGSEND = YES;
				GCC_C_LANGUAGE_STANDARD = gnu99;
				GCC_NO_COMMON_BLOCKS = YES;
				GCC_WARN_64_TO_32_BIT_CONVERSION = YES;
				GCC_WARN_ABOUT_RETURN_TYPE = YES_ERROR;
				GCC_WARN_UNDECLARED_SELECTOR = YES;
				GCC_WARN_UNINITIALIZED_AUTOS = YES_AGGRESSIVE;
				GCC_WARN_UNUSED_FUNCTION = YES;
				GCC_WARN_UNUSED_VARIABLE = YES;
				IPHONEOS_DEPLOYMENT_TARGET = 10.3;
				MTL_ENABLE_DEBUG_INFO = NO;
				SDKROOT = iphoneos;
				SWIFT_OPTIMIZATION_LEVEL = "-Owholemodule";
				TARGETED_DEVICE_FAMILY = "1,2";
				VALIDATE_PRODUCT = YES;
			};
			name = Release;
		};
		5CDA96F71F03F0920039A47D /* Debug */ = {
			isa = XCBuildConfiguration;
			buildSettings = {
				ASSETCATALOG_COMPILER_APPICON_NAME = AppIcon;
				INFOPLIST_FILE = P.A.L/Info.plist;
				LD_RUNPATH_SEARCH_PATHS = "$(inherited) @executable_path/Frameworks";
				PRODUCT_BUNDLE_IDENTIFIER = "njcu.P-A-L";
				PRODUCT_NAME = "$(TARGET_NAME)";
				SWIFT_VERSION = 3.0;
			};
			name = Debug;
		};
		5CDA96F81F03F0920039A47D /* Release */ = {
			isa = XCBuildConfiguration;
			buildSettings = {
				ASSETCATALOG_COMPILER_APPICON_NAME = AppIcon;
				INFOPLIST_FILE = P.A.L/Info.plist;
				LD_RUNPATH_SEARCH_PATHS = "$(inherited) @executable_path/Frameworks";
				PRODUCT_BUNDLE_IDENTIFIER = "njcu.P-A-L";
				PRODUCT_NAME = "$(TARGET_NAME)";
				SWIFT_VERSION = 3.0;
			};
			name = Release;
		};
		5CDA96FA1F03F0920039A47D /* Debug */ = {
			isa = XCBuildConfiguration;
			buildSettings = {
				ALWAYS_EMBED_SWIFT_STANDARD_LIBRARIES = YES;
				BUNDLE_LOADER = "$(TEST_HOST)";
				INFOPLIST_FILE = P.A.LTests/Info.plist;
				LD_RUNPATH_SEARCH_PATHS = "$(inherited) @executable_path/Frameworks @loader_path/Frameworks";
				PRODUCT_BUNDLE_IDENTIFIER = "njcu.P-A-LTests";
				PRODUCT_NAME = "$(TARGET_NAME)";
				SWIFT_VERSION = 3.0;
				TEST_HOST = "$(BUILT_PRODUCTS_DIR)/P.A.L.app/P.A.L";
			};
			name = Debug;
		};
		5CDA96FB1F03F0920039A47D /* Release */ = {
			isa = XCBuildConfiguration;
			buildSettings = {
				ALWAYS_EMBED_SWIFT_STANDARD_LIBRARIES = YES;
				BUNDLE_LOADER = "$(TEST_HOST)";
				INFOPLIST_FILE = P.A.LTests/Info.plist;
				LD_RUNPATH_SEARCH_PATHS = "$(inherited) @executable_path/Frameworks @loader_path/Frameworks";
				PRODUCT_BUNDLE_IDENTIFIER = "njcu.P-A-LTests";
				PRODUCT_NAME = "$(TARGET_NAME)";
				SWIFT_VERSION = 3.0;
				TEST_HOST = "$(BUILT_PRODUCTS_DIR)/P.A.L.app/P.A.L";
			};
			name = Release;
		};
		5CDA96FD1F03F0920039A47D /* Debug */ = {
			isa = XCBuildConfiguration;
			buildSettings = {
				ALWAYS_EMBED_SWIFT_STANDARD_LIBRARIES = YES;
				INFOPLIST_FILE = P.A.LUITests/Info.plist;
				LD_RUNPATH_SEARCH_PATHS = "$(inherited) @executable_path/Frameworks @loader_path/Frameworks";
				PRODUCT_BUNDLE_IDENTIFIER = "njcu.P-A-LUITests";
				PRODUCT_NAME = "$(TARGET_NAME)";
				SWIFT_VERSION = 3.0;
				TEST_TARGET_NAME = P.A.L;
			};
			name = Debug;
		};
		5CDA96FE1F03F0920039A47D /* Release */ = {
			isa = XCBuildConfiguration;
			buildSettings = {
				ALWAYS_EMBED_SWIFT_STANDARD_LIBRARIES = YES;
				INFOPLIST_FILE = P.A.LUITests/Info.plist;
				LD_RUNPATH_SEARCH_PATHS = "$(inherited) @executable_path/Frameworks @loader_path/Frameworks";
				PRODUCT_BUNDLE_IDENTIFIER = "njcu.P-A-LUITests";
				PRODUCT_NAME = "$(TARGET_NAME)";
				SWIFT_VERSION = 3.0;
				TEST_TARGET_NAME = P.A.L;
			};
			name = Release;
		};
/* End XCBuildConfiguration section */

/* Begin XCConfigurationList section */
		5CDA96C91F03F0910039A47D /* Build configuration list for PBXProject "P.A.L" */ = {
			isa = XCConfigurationList;
			buildConfigurations = (
				5CDA96F41F03F0920039A47D /* Debug */,
				5CDA96F51F03F0920039A47D /* Release */,
			);
			defaultConfigurationIsVisible = 0;
			defaultConfigurationName = Release;
		};
		5CDA96F61F03F0920039A47D /* Build configuration list for PBXNativeTarget "P.A.L" */ = {
			isa = XCConfigurationList;
			buildConfigurations = (
				5CDA96F71F03F0920039A47D /* Debug */,
				5CDA96F81F03F0920039A47D /* Release */,
			);
			defaultConfigurationIsVisible = 0;
		};
		5CDA96F91F03F0920039A47D /* Build configuration list for PBXNativeTarget "P.A.LTests" */ = {
			isa = XCConfigurationList;
			buildConfigurations = (
				5CDA96FA1F03F0920039A47D /* Debug */,
				5CDA96FB1F03F0920039A47D /* Release */,
			);
			defaultConfigurationIsVisible = 0;
		};
		5CDA96FC1F03F0920039A47D /* Build configuration list for PBXNativeTarget "P.A.LUITests" */ = {
			isa = XCConfigurationList;
			buildConfigurations = (
				5CDA96FD1F03F0920039A47D /* Debug */,
				5CDA96FE1F03F0920039A47D /* Release */,
			);
			defaultConfigurationIsVisible = 0;
		};
/* End XCConfigurationList section */
	};
	rootObject = 5CDA96C61F03F0910039A47D /* Project object */;
}
